// !$*UTF8*$!
{
	archiveVersion = 1;
	classes = {
	};
	objectVersion = 46;
	objects = {

/* Begin PBXBuildFile section */
		72470FD61A383C170083E01B /* AppDelegate.swift in Sources */ = {isa = PBXBuildFile; fileRef = 72470FD51A383C170083E01B /* AppDelegate.swift */; };
		72470FD81A383C170083E01B /* ViewController.swift in Sources */ = {isa = PBXBuildFile; fileRef = 72470FD71A383C170083E01B /* ViewController.swift */; };
		72470FDB1A383C170083E01B /* Main.storyboard in Resources */ = {isa = PBXBuildFile; fileRef = 72470FD91A383C170083E01B /* Main.storyboard */; };
		72470FDD1A383C170083E01B /* Images.xcassets in Resources */ = {isa = PBXBuildFile; fileRef = 72470FDC1A383C170083E01B /* Images.xcassets */; };
		72470FE01A383C170083E01B /* LaunchScreen.xib in Resources */ = {isa = PBXBuildFile; fileRef = 72470FDE1A383C170083E01B /* LaunchScreen.xib */; };
		72470FEC1A383C180083E01B /* RoverMk1ControllerTests.swift in Sources */ = {isa = PBXBuildFile; fileRef = 72470FEB1A383C180083E01B /* RoverMk1ControllerTests.swift */; };
/* End PBXBuildFile section */

/* Begin PBXContainerItemProxy section */
		72470FE61A383C180083E01B /* PBXContainerItemProxy */ = {
			isa = PBXContainerItemProxy;
			containerPortal = 72470FC81A383C170083E01B /* Project object */;
			proxyType = 1;
			remoteGlobalIDString = 72470FCF1A383C170083E01B;
			remoteInfo = RoverMk1Controller;
		};
/* End PBXContainerItemProxy section */

/* Begin PBXFileReference section */
		72470FD01A383C170083E01B /* RoverMk1Controller.app */ = {isa = PBXFileReference; explicitFileType = wrapper.application; includeInIndex = 0; path = RoverMk1Controller.app; sourceTree = BUILT_PRODUCTS_DIR; };
		72470FD41A383C170083E01B /* Info.plist */ = {isa = PBXFileReference; lastKnownFileType = text.plist.xml; path = Info.plist; sourceTree = "<group>"; };
		72470FD51A383C170083E01B /* AppDelegate.swift */ = {isa = PBXFileReference; lastKnownFileType = sourcecode.swift; path = AppDelegate.swift; sourceTree = "<group>"; };
		72470FD71A383C170083E01B /* ViewController.swift */ = {isa = PBXFileReference; lastKnownFileType = sourcecode.swift; path = ViewController.swift; sourceTree = "<group>"; };
		72470FDA1A383C170083E01B /* Base */ = {isa = PBXFileReference; lastKnownFileType = file.storyboard; name = Base; path = Base.lproj/Main.storyboard; sourceTree = "<group>"; };
		72470FDC1A383C170083E01B /* Images.xcassets */ = {isa = PBXFileReference; lastKnownFileType = folder.assetcatalog; path = Images.xcassets; sourceTree = "<group>"; };
		72470FDF1A383C170083E01B /* Base */ = {isa = PBXFileReference; lastKnownFileType = file.xib; name = Base; path = Base.lproj/LaunchScreen.xib; sourceTree = "<group>"; };
		72470FE51A383C180083E01B /* RoverMk1ControllerTests.xctest */ = {isa = PBXFileReference; explicitFileType = wrapper.cfbundle; includeInIndex = 0; path = RoverMk1ControllerTests.xctest; sourceTree = BUILT_PRODUCTS_DIR; };
		72470FEA1A383C180083E01B /* Info.plist */ = {isa = PBXFileReference; lastKnownFileType = text.plist.xml; path = Info.plist; sourceTree = "<group>"; };
		72470FEB1A383C180083E01B /* RoverMk1ControllerTests.swift */ = {isa = PBXFileReference; lastKnownFileType = sourcecode.swift; path = RoverMk1ControllerTests.swift; sourceTree = "<group>"; };
/* End PBXFileReference section */

/* Begin PBXFrameworksBuildPhase section */
		72470FCD1A383C170083E01B /* Frameworks */ = {
			isa = PBXFrameworksBuildPhase;
			buildActionMask = 2147483647;
			files = (
			);
			runOnlyForDeploymentPostprocessing = 0;
		};
		72470FE21A383C180083E01B /* Frameworks */ = {
			isa = PBXFrameworksBuildPhase;
			buildActionMask = 2147483647;
			files = (
			);
			runOnlyForDeploymentPostprocessing = 0;
		};
/* End PBXFrameworksBuildPhase section */

/* Begin PBXGroup section */
		72470FC71A383C170083E01B = {
			isa = PBXGroup;
			children = (
				72470FD21A383C170083E01B /* RoverMk1Controller */,
				72470FE81A383C180083E01B /* RoverMk1ControllerTests */,
				72470FD11A383C170083E01B /* Products */,
			);
			sourceTree = "<group>";
		};
		72470FD11A383C170083E01B /* Products */ = {
			isa = PBXGroup;
			children = (
				72470FD01A383C170083E01B /* RoverMk1Controller.app */,
				72470FE51A383C180083E01B /* RoverMk1ControllerTests.xctest */,
			);
			name = Products;
			sourceTree = "<group>";
		};
		72470FD21A383C170083E01B /* RoverMk1Controller */ = {
			isa = PBXGroup;
			children = (
				72470FD51A383C170083E01B /* AppDelegate.swift */,
				72470FD71A383C170083E01B /* ViewController.swift */,
				72470FD91A383C170083E01B /* Main.storyboard */,
				72470FDC1A383C170083E01B /* Images.xcassets */,
				72470FDE1A383C170083E01B /* LaunchScreen.xib */,
				72470FD31A383C170083E01B /* Supporting Files */,
			);
			path = RoverMk1Controller;
			sourceTree = "<group>";
		};
		72470FD31A383C170083E01B /* Supporting Files */ = {
			isa = PBXGroup;
			children = (
				72470FD41A383C170083E01B /* Info.plist */,
			);
			name = "Supporting Files";
			sourceTree = "<group>";
		};
		72470FE81A383C180083E01B /* RoverMk1ControllerTests */ = {
			isa = PBXGroup;
			children = (
				72470FEB1A383C180083E01B /* RoverMk1ControllerTests.swift */,
				72470FE91A383C180083E01B /* Supporting Files */,
			);
			path = RoverMk1ControllerTests;
			sourceTree = "<group>";
		};
		72470FE91A383C180083E01B /* Supporting Files */ = {
			isa = PBXGroup;
			children = (
				72470FEA1A383C180083E01B /* Info.plist */,
			);
			name = "Supporting Files";
			sourceTree = "<group>";
		};
/* End PBXGroup section */

/* Begin PBXNativeTarget section */
		72470FCF1A383C170083E01B /* RoverMk1Controller */ = {
			isa = PBXNativeTarget;
			buildConfigurationList = 72470FEF1A383C180083E01B /* Build configuration list for PBXNativeTarget "RoverMk1Controller" */;
			buildPhases = (
				72470FCC1A383C170083E01B /* Sources */,
				72470FCD1A383C170083E01B /* Frameworks */,
				72470FCE1A383C170083E01B /* Resources */,
			);
			buildRules = (
			);
			dependencies = (
			);
			name = RoverMk1Controller;
			productName = RoverMk1Controller;
			productReference = 72470FD01A383C170083E01B /* RoverMk1Controller.app */;
			productType = "com.apple.product-type.application";
		};
		72470FE41A383C180083E01B /* RoverMk1ControllerTests */ = {
			isa = PBXNativeTarget;
			buildConfigurationList = 72470FF21A383C180083E01B /* Build configuration list for PBXNativeTarget "RoverMk1ControllerTests" */;
			buildPhases = (
				72470FE11A383C180083E01B /* Sources */,
				72470FE21A383C180083E01B /* Frameworks */,
				72470FE31A383C180083E01B /* Resources */,
			);
			buildRules = (
			);
			dependencies = (
				72470FE71A383C180083E01B /* PBXTargetDependency */,
			);
			name = RoverMk1ControllerTests;
			productName = RoverMk1ControllerTests;
			productReference = 72470FE51A383C180083E01B /* RoverMk1ControllerTests.xctest */;
			productType = "com.apple.product-type.bundle.unit-test";
		};
/* End PBXNativeTarget section */

/* Begin PBXProject section */
		72470FC81A383C170083E01B /* Project object */ = {
			isa = PBXProject;
			attributes = {
				LastUpgradeCheck = 0610;
				ORGANIZATIONNAME = "Johnathan Grayson";
				TargetAttributes = {
					72470FCF1A383C170083E01B = {
						CreatedOnToolsVersion = 6.1.1;
					};
					72470FE41A383C180083E01B = {
						CreatedOnToolsVersion = 6.1.1;
						TestTargetID = 72470FCF1A383C170083E01B;
					};
				};
			};
			buildConfigurationList = 72470FCB1A383C170083E01B /* Build configuration list for PBXProject "RoverMk1Controller" */;
			compatibilityVersion = "Xcode 3.2";
			developmentRegion = English;
			hasScannedForEncodings = 0;
			knownRegions = (
				en,
				Base,
			);
			mainGroup = 72470FC71A383C170083E01B;
			productRefGroup = 72470FD11A383C170083E01B /* Products */;
			projectDirPath = "";
			projectRoot = "";
			targets = (
				72470FCF1A383C170083E01B /* RoverMk1Controller */,
				72470FE41A383C180083E01B /* RoverMk1ControllerTests */,
			);
		};
/* End PBXProject section */

/* Begin PBXResourcesBuildPhase section */
		72470FCE1A383C170083E01B /* Resources */ = {
			isa = PBXResourcesBuildPhase;
			buildActionMask = 2147483647;
			files = (
				72470FDB1A383C170083E01B /* Main.storyboard in Resources */,
				72470FE01A383C170083E01B /* LaunchScreen.xib in Resources */,
				72470FDD1A383C170083E01B /* Images.xcassets in Resources */,
			);
			runOnlyForDeploymentPostprocessing = 0;
		};
		72470FE31A383C180083E01B /* Resources */ = {
			isa = PBXResourcesBuildPhase;
			buildActionMask = 2147483647;
			files = (
			);
			runOnlyForDeploymentPostprocessing = 0;
		};
/* End PBXResourcesBuildPhase section */

/* Begin PBXSourcesBuildPhase section */
		72470FCC1A383C170083E01B /* Sources */ = {
			isa = PBXSourcesBuildPhase;
			buildActionMask = 2147483647;
			files = (
				72470FD81A383C170083E01B /* ViewController.swift in Sources */,
				72470FD61A383C170083E01B /* AppDelegate.swift in Sources */,
			);
			runOnlyForDeploymentPostprocessing = 0;
		};
		72470FE11A383C180083E01B /* Sources */ = {
			isa = PBXSourcesBuildPhase;
			buildActionMask = 2147483647;
			files = (
				72470FEC1A383C180083E01B /* RoverMk1ControllerTests.swift in Sources */,
			);
			runOnlyForDeploymentPostprocessing = 0;
		};
/* End PBXSourcesBuildPhase section */

/* Begin PBXTargetDependency section */
		72470FE71A383C180083E01B /* PBXTargetDependency */ = {
			isa = PBXTargetDependency;
			target = 72470FCF1A383C170083E01B /* RoverMk1Controller */;
			targetProxy = 72470FE61A383C180083E01B /* PBXContainerItemProxy */;
		};
/* End PBXTargetDependency section */

/* Begin PBXVariantGroup section */
		72470FD91A383C170083E01B /* Main.storyboard */ = {
			isa = PBXVariantGroup;
			children = (
				72470FDA1A383C170083E01B /* Base */,
			);
			name = Main.storyboard;
			sourceTree = "<group>";
		};
		72470FDE1A383C170083E01B /* LaunchScreen.xib */ = {
			isa = PBXVariantGroup;
			children = (
				72470FDF1A383C170083E01B /* Base */,
			);
			name = LaunchScreen.xib;
			sourceTree = "<group>";
		};
/* End PBXVariantGroup section */

/* Begin XCBuildConfiguration section */
		72470FED1A383C180083E01B /* Debug */ = {
			isa = XCBuildConfiguration;
			buildSettings = {
				ALWAYS_SEARCH_USER_PATHS = NO;
				CLANG_CXX_LANGUAGE_STANDARD = "gnu++0x";
				CLANG_CXX_LIBRARY = "libc++";
				CLANG_ENABLE_MODULES = YES;
				CLANG_ENABLE_OBJC_ARC = YES;
				CLANG_WARN_BOOL_CONVERSION = YES;
				CLANG_WARN_CONSTANT_CONVERSION = YES;
				CLANG_WARN_DIRECT_OBJC_ISA_USAGE = YES_ERROR;
				CLANG_WARN_EMPTY_BODY = YES;
				CLANG_WARN_ENUM_CONVERSION = YES;
				CLANG_WARN_INT_CONVERSION = YES;
				CLANG_WARN_OBJC_ROOT_CLASS = YES_ERROR;
				CLANG_WARN_UNREACHABLE_CODE = YES;
				CLANG_WARN__DUPLICATE_METHOD_MATCH = YES;
				"CODE_SIGN_IDENTITY[sdk=iphoneos*]" = "iPhone Developer";
				COPY_PHASE_STRIP = NO;
				ENABLE_STRICT_OBJC_MSGSEND = YES;
				GCC_C_LANGUAGE_STANDARD = gnu99;
				GCC_DYNAMIC_NO_PIC = NO;
				GCC_OPTIMIZATION_LEVEL = 0;
				GCC_PREPROCESSOR_DEFINITIONS = (
					"DEBUG=1",
					"$(inherited)",
				);
				GCC_SYMBOLS_PRIVATE_EXTERN = NO;
				GCC_WARN_64_TO_32_BIT_CONVERSION = YES;
				GCC_WARN_ABOUT_RETURN_TYPE = YES_ERROR;
				GCC_WARN_UNDECLARED_SELECTOR = YES;
				GCC_WARN_UNINITIALIZED_AUTOS = YES_AGGRESSIVE;
				GCC_WARN_UNUSED_FUNCTION = YES;
				GCC_WARN_UNUSED_VARIABLE = YES;
				IPHONEOS_DEPLOYMENT_TARGET = 8.1;
				MTL_ENABLE_DEBUG_INFO = YES;
				ONLY_ACTIVE_ARCH = YES;
				SDKROOT = iphoneos;
				SWIFT_OPTIMIZATION_LEVEL = "-Onone";
			};
			name = Debug;
		};
		72470FEE1A383C180083E01B /* Release */ = {
			isa = XCBuildConfiguration;
			buildSettings = {
				ALWAYS_SEARCH_USER_PATHS = NO;
				CLANG_CXX_LANGUAGE_STANDARD = "gnu++0x";
				CLANG_CXX_LIBRARY = "libc++";
				CLANG_ENABLE_MODULES = YES;
				CLANG_ENABLE_OBJC_ARC = YES;
				CLANG_WARN_BOOL_CONVERSION = YES;
				CLANG_WARN_CONSTANT_CONVERSION = YES;
				CLANG_WARN_DIRECT_OBJC_ISA_USAGE = YES_ERROR;
				CLANG_WARN_EMPTY_BODY = YES;
				CLANG_WARN_ENUM_CONVERSION = YES;
				CLANG_WARN_INT_CONVERSION = YES;
				CLANG_WARN_OBJC_ROOT_CLASS = YES_ERROR;
				CLANG_WARN_UNREACHABLE_CODE = YES;
				CLANG_WARN__DUPLICATE_METHOD_MATCH = YES;
				"CODE_SIGN_IDENTITY[sdk=iphoneos*]" = "iPhone Developer";
				COPY_PHASE_STRIP = YES;
				ENABLE_NS_ASSERTIONS = NO;
				ENABLE_STRICT_OBJC_MSGSEND = YES;
				GCC_C_LANGUAGE_STANDARD = gnu99;
				GCC_WARN_64_TO_32_BIT_CONVERSION = YES;
				GCC_WARN_ABOUT_RETURN_TYPE = YES_ERROR;
				GCC_WARN_UNDECLARED_SELECTOR = YES;
				GCC_WARN_UNINITIALIZED_AUTOS = YES_AGGRESSIVE;
				GCC_WARN_UNUSED_FUNCTION = YES;
				GCC_WARN_UNUSED_VARIABLE = YES;
				IPHONEOS_DEPLOYMENT_TARGET = 8.1;
				MTL_ENABLE_DEBUG_INFO = NO;
				SDKROOT = iphoneos;
				VALIDATE_PRODUCT = YES;
			};
			name = Release;
		};
		72470FF01A383C180083E01B /* Debug */ = {
			isa = XCBuildConfiguration;
			buildSettings = {
				ASSETCATALOG_COMPILER_APPICON_NAME = AppIcon;
				INFOPLIST_FILE = RoverMk1Controller/Info.plist;
				LD_RUNPATH_SEARCH_PATHS = "$(inherited) @executable_path/Frameworks";
				PRODUCT_NAME = "$(TARGET_NAME)";
			};
			name = Debug;
		};
		72470FF11A383C180083E01B /* Release */ = {
			isa = XCBuildConfiguration;
			buildSettings = {
				ASSETCATALOG_COMPILER_APPICON_NAME = AppIcon;
				INFOPLIST_FILE = RoverMk1Controller/Info.plist;
				LD_RUNPATH_SEARCH_PATHS = "$(inherited) @executable_path/Frameworks";
				PRODUCT_NAME = "$(TARGET_NAME)";
			};
			name = Release;
		};
		72470FF31A383C180083E01B /* Debug */ = {
			isa = XCBuildConfiguration;
			buildSettings = {
				BUNDLE_LOADER = "$(TEST_HOST)";
				FRAMEWORK_SEARCH_PATHS = (
					"$(SDKROOT)/Developer/Library/Frameworks",
					"$(inherited)",
				);
				GCC_PREPROCESSOR_DEFINITIONS = (
					"DEBUG=1",
					"$(inherited)",
				);
				INFOPLIST_FILE = RoverMk1ControllerTests/Info.plist;
				LD_RUNPATH_SEARCH_PATHS = "$(inherited) @executable_path/Frameworks @loader_path/Frameworks";
				PRODUCT_NAME = "$(TARGET_NAME)";
				TEST_HOST = "$(BUILT_PRODUCTS_DIR)/RoverMk1Controller.app/RoverMk1Controller";
			};
			name = Debug;
		};
		72470FF41A383C180083E01B /* Release */ = {
			isa = XCBuildConfiguration;
			buildSettings = {
				BUNDLE_LOADER = "$(TEST_HOST)";
				FRAMEWORK_SEARCH_PATHS = (
					"$(SDKROOT)/Developer/Library/Frameworks",
					"$(inherited)",
				);
				INFOPLIST_FILE = RoverMk1ControllerTests/Info.plist;
				LD_RUNPATH_SEARCH_PATHS = "$(inherited) @executable_path/Frameworks @loader_path/Frameworks";
				PRODUCT_NAME = "$(TARGET_NAME)";
				TEST_HOST = "$(BUILT_PRODUCTS_DIR)/RoverMk1Controller.app/RoverMk1Controller";
			};
			name = Release;
		};
/* End XCBuildConfiguration section */

/* Begin XCConfigurationList section */
		72470FCB1A383C170083E01B /* Build configuration list for PBXProject "RoverMk1Controller" */ = {
			isa = XCConfigurationList;
			buildConfigurations = (
				72470FED1A383C180083E01B /* Debug */,
				72470FEE1A383C180083E01B /* Release */,
			);
			defaultConfigurationIsVisible = 0;
			defaultConfigurationName = Release;
		};
		72470FEF1A383C180083E01B /* Build configuration list for PBXNativeTarget "RoverMk1Controller" */ = {
			isa = XCConfigurationList;
			buildConfigurations = (
				72470FF01A383C180083E01B /* Debug */,
				72470FF11A383C180083E01B /* Release */,
			);
			defaultConfigurationIsVisible = 0;
		};
		72470FF21A383C180083E01B /* Build configuration list for PBXNativeTarget "RoverMk1ControllerTests" */ = {
			isa = XCConfigurationList;
			buildConfigurations = (
				72470FF31A383C180083E01B /* Debug */,
				72470FF41A383C180083E01B /* Release */,
			);
			defaultConfigurationIsVisible = 0;
		};
/* End XCConfigurationList section */
	};
	rootObject = 72470FC81A383C170083E01B /* Project object */;
}
